<?xml version="1.0" encoding="utf-8"?>
<Project ToolsVersion="4.0" xmlns="http://schemas.microsoft.com/developer/msbuild/2003">
  <ItemGroup>
    <Filter Include="Source Files">
      <UniqueIdentifier>{4FC737F1-C7A5-4376-A066-2A32D752A2FF}</UniqueIdentifier>
      <Extensions>cpp;c;cc;cxx;def;odl;idl;hpj;bat;asm;asmx</Extensions>
    </Filter>
    <Filter Include="Resource Files">
      <UniqueIdentifier>{67DA6AB6-F800-4c08-8B7A-83BB121AAD01}</UniqueIdentifier>
      <Extensions>rc;ico;cur;bmp;dlg;rc2;rct;bin;rgs;gif;jpg;jpeg;jpe;resx;tiff;tif;png;wav;mfcribbon-ms</Extensions>
    </Filter>
    <Filter Include="Source Files\production">
      <UniqueIdentifier>{d83947a6-b3c8-435c-ad29-bd93d363cb4c}</UniqueIdentifier>
    </Filter>
    <Filter Include="Source Files\moonshinemashine">
      <UniqueIdentifier>{7b958e52-fc46-481a-848e-ddcd0f121e79}</UniqueIdentifier>
    </Filter>
  </ItemGroup>
  <ItemGroup>
    <ClInclude Include="TechnologicalBreak.h">
      <Filter>Source Files\production</Filter>
    </ClInclude>
    <ClInclude Include="TailCollection.h">
      <Filter>Source Files\production</Filter>
    </ClInclude>
    <ClInclude Include="Preheating.h">
      <Filter>Source Files\production</Filter>
    </ClInclude>
    <ClInclude Include="MoonshineMashine.h">
      <Filter>Source Files\moonshinemashine</Filter>
    </ClInclude>
    <ClInclude Include="Recipe.h">
      <Filter>Source Files</Filter>
    </ClInclude>
    <ClInclude Include="IRecipe1State.h">
      <Filter>Source Files\production</Filter>
    </ClInclude>
    <ClInclude Include="Init.h">
      <Filter>Source Files\production</Filter>
    </ClInclude>
    <ClInclude Include="Heat.h">
      <Filter>Source Files\production</Filter>
    </ClInclude>
    <ClInclude Include="HeadSelection.h">
      <Filter>Source Files\production</Filter>
    </ClInclude>
    <ClInclude Include="Constants.h">
      <Filter>Source Files</Filter>
    </ClInclude>
    <ClInclude Include="ErrorCodes.h">
      <Filter>Source Files</Filter>
    </ClInclude>
    <ClInclude Include="__vm\.moonshine.vsarduino.h">
      <Filter>Resource Files</Filter>
    </ClInclude>
    <ClInclude Include="resource.h">
      <Filter>Resource Files</Filter>
    </ClInclude>
    <ClInclude Include="AlcoholSelection.h">
      <Filter>Source Files\production</Filter>
    </ClInclude>
  </ItemGroup>
  <ItemGroup>
    <ClCompile Include="MoonshineMashine.cpp">
      <Filter>Source Files\moonshinemashine</Filter>
    </ClCompile>
  </ItemGroup>
  <ItemGroup>
    <ResourceCompile Include="moonshine.rc">
      <Filter>Resource Files</Filter>
    </ResourceCompile>
  </ItemGroup>
  <ItemGroup>
    <None Include="moonshine.ino" />
  </ItemGroup>
</Project>