<?xml version="1.0" encoding="utf-8"?>
<Project ToolsVersion="4.0" xmlns="http://schemas.microsoft.com/developer/msbuild/2003">
  <ItemGroup>
    <Filter Include="Source Files">
      <UniqueIdentifier>{4FC737F1-C7A5-4376-A066-2A32D752A2FF}</UniqueIdentifier>
      <Extensions>cpp;c;cc;cxx;def;odl;idl;hpj;bat;asm;asmx</Extensions>
    </Filter>
    <Filter Include="Header Files">
      <UniqueIdentifier>{93995380-89BD-4b04-88EB-625FBE52EBFB}</UniqueIdentifier>
      <Extensions>h;hh;hpp;hxx;hm;inl;inc;xsd</Extensions>
    </Filter>
    <Filter Include="Resource Files">
      <UniqueIdentifier>{67DA6AB6-F800-4c08-8B7A-83BB121AAD01}</UniqueIdentifier>
      <Extensions>rc;ico;cur;bmp;dlg;rc2;rct;bin;rgs;gif;jpg;jpeg;jpe;resx;tiff;tif;png;wav;mfcribbon-ms</Extensions>
    </Filter>
    <Filter Include="Source Files\production">
      <UniqueIdentifier>{d83947a6-b3c8-435c-ad29-bd93d363cb4c}</UniqueIdentifier>
    </Filter>
    <Filter Include="Source Files\production\moonshinemashine">
      <UniqueIdentifier>{7b958e52-fc46-481a-848e-ddcd0f121e79}</UniqueIdentifier>
    </Filter>
    <Filter Include="Source Files\production\recipe">
      <UniqueIdentifier>{4c05474e-ad3a-434a-b749-f87401371516}</UniqueIdentifier>
    </Filter>
    <Filter Include="Source Files\production\recipe\states">
      <UniqueIdentifier>{cfab35e6-4eee-4b9c-af29-0d9e1164b06f}</UniqueIdentifier>
    </Filter>
  </ItemGroup>
  <ItemGroup>
    <None Include="moonshine.ino" />
  </ItemGroup>
  <ItemGroup>
    <ClInclude Include="__vm\.moonshine.vsarduino.h">
      <Filter>Header Files</Filter>
    </ClInclude>
    <ClInclude Include="MoonshineMashine.h">
      <Filter>Header Files</Filter>
    </ClInclude>
    <ClInclude Include="resource.h">
      <Filter>Header Files</Filter>
    </ClInclude>
    <ClInclude Include="Constants.h">
      <Filter>Source Files\production\recipe</Filter>
    </ClInclude>
    <ClInclude Include="ErrorCodes.h">
      <Filter>Source Files\production\recipe</Filter>
    </ClInclude>
    <ClInclude Include="IRecipe1State.h">
      <Filter>Header Files</Filter>
    </ClInclude>
    <ClInclude Include="Init.h">
      <Filter>Header Files</Filter>
    </ClInclude>
    <ClInclude Include="Preheating.h">
      <Filter>Header Files</Filter>
    </ClInclude>
    <ClInclude Include="HeadSelection.h">
      <Filter>Header Files</Filter>
    </ClInclude>
    <ClInclude Include="TechnologicalBreak.h">
      <Filter>Header Files</Filter>
    </ClInclude>
    <ClInclude Include="AlcoholSelection.h">
      <Filter>Header Files</Filter>
    </ClInclude>
    <ClInclude Include="TailCollection.h">
      <Filter>Header Files</Filter>
    </ClInclude>
    <ClInclude Include="Recipe.h">
      <Filter>Header Files</Filter>
    </ClInclude>
    <ClInclude Include="Heat.h">
      <Filter>Header Files</Filter>
    </ClInclude>
  </ItemGroup>
  <ItemGroup>
    <ClCompile Include="MoonshineMashine.cpp">
      <Filter>Source Files\production\moonshinemashine</Filter>
    </ClCompile>
    <ClCompile Include="IRecipe1State.cpp">
      <Filter>Source Files\production\recipe\states</Filter>
    </ClCompile>
    <ClCompile Include="Init.cpp">
      <Filter>Source Files\production\recipe\states</Filter>
    </ClCompile>
    <ClCompile Include="Preheating.cpp">
      <Filter>Source Files\production\recipe\states</Filter>
    </ClCompile>
    <ClCompile Include="HeadSelection.cpp">
      <Filter>Source Files\production\recipe\states</Filter>
    </ClCompile>
    <ClCompile Include="TechnologicalBreak.cpp">
      <Filter>Source Files\production\recipe\states</Filter>
    </ClCompile>
    <ClCompile Include="AlcoholSelection.cpp">
      <Filter>Source Files\production\recipe\states</Filter>
    </ClCompile>
    <ClCompile Include="TailCollection.cpp">
      <Filter>Source Files\production\recipe\states</Filter>
    </ClCompile>
    <ClCompile Include="Recipe.cpp">
      <Filter>Source Files\production\recipe</Filter>
    </ClCompile>
    <ClCompile Include="Heat.cpp">
      <Filter>Source Files\production\recipe\states</Filter>
    </ClCompile>
  </ItemGroup>
  <ItemGroup>
    <ResourceCompile Include="moonshine.rc">
      <Filter>Resource Files</Filter>
    </ResourceCompile>
  </ItemGroup>
</Project>